
Microsoft Visual Studio Solution File, Format Version 12.00
# Visual Studio Version 17
VisualStudioVersion = 17.7.34031.279
MinimumVisualStudioVersion = 10.0.40219.1
Project("{FAE04EC0-301F-11D3-BF4B-00C04F79EFBC}") = "RandomNameGenerator", "RandomNameGenerator\RandomNameGenerator.csproj", "{CC2DBC64-226E-4658-8768-6583DC7C8EDE}"
EndProject
Global
	GlobalSection(SolutionConfigurationPlatforms) = preSolution
		Debug|Any CPU = Debug|Any CPU
		Release|Any CPU = Release|Any CPU
	EndGlobalSection
	GlobalSection(ProjectConfigurationPlatforms) = postSolution
		{CC2DBC64-226E-4658-8768-6583DC7C8EDE}.Debug|Any CPU.ActiveCfg = Debug|Any CPU
		{CC2DBC64-226E-4658-8768-6583DC7C8EDE}.Debug|Any CPU.Build.0 = Debug|Any CPU
		{CC2DBC64-226E-4658-8768-6583DC7C8EDE}.Release|Any CPU.ActiveCfg = Release|Any CPU
		{CC2DBC64-226E-4658-8768-6583DC7C8EDE}.Release|Any CPU.Build.0 = Release|Any CPU
	EndGlobalSection
	GlobalSection(SolutionProperties) = preSolution
		HideSolutionNode = FALSE
	EndGlobalSection
	GlobalSection(ExtensibilityGlobals) = postSolution
		SolutionGuid = {217E5F89-FF50-4B45-8592-75AFDB795317}
	EndGlobalSection
EndGlobal
